<?xml version="1.0" encoding="utf-8"?>
<Project ToolsVersion="4.0" xmlns="http://schemas.microsoft.com/developer/msbuild/2003">
  <ItemGroup>
    <ClCompile Include="Checkermain.cpp" />
    <ClCompile Include="FpsController.cpp" />
    <ClCompile Include="Hit&amp;Blow.cpp" />
    <ClCompile Include="main.cpp" />
    <ClCompile Include="Porker.cpp" />
    <ClCompile Include="SceneManager.cpp" />
    <ClCompile Include="PadInput.cpp" />
    <ClCompile Include="GameSelect.cpp" />
    <ClCompile Include="takoyaki.cpp" />
    <ClCompile Include="Title.cpp" />
    <ClCompile Include="Mankara.cpp" />
    <ClCompile Include="sinkeisuijaku.cpp" />
    <ClCompile Include="Hex_GameMain.cpp" />
    <ClCompile Include="RabbitAndHounds.cpp" />
    <ClCompile Include="Rabbit.cpp" />
  </ItemGroup>
  <ItemGroup>
    <ClInclude Include="AbstractScene.h" />
    <ClInclude Include="Checkermain.h" />
    <ClInclude Include="FpsController.h" />
    <ClInclude Include="Hit&amp;Blow.h" />
    <ClInclude Include="Porker.h" />
    <ClInclude Include="SceneManager.h" />
    <ClInclude Include="PadInput.h" />
    <ClInclude Include="GameSelect.h" />
    <ClInclude Include="takoyaki.h" />
    <ClInclude Include="Title.h" />
    <ClInclude Include="Mankara.h" />
    <ClInclude Include="sinkeisuijaku.h" />
    <ClInclude Include="Hex_GameMain.h" />
    <ClInclude Include="RabbitAndHounds.h" />
    <ClInclude Include="Rabbit.h" />
  </ItemGroup>
</Project>